// !$*UTF8*$!
{
	archiveVersion = 1;
	classes = {
	};
	objectVersion = 56;
	objects = {

/* Begin PBXBuildFile section */
		451043202C91857100174ABD /* UIBlockingProgressHUD.swift in Sources */ = {isa = PBXBuildFile; fileRef = 4510431F2C91857100174ABD /* UIBlockingProgressHUD.swift */; };
		45357E0D2CAB1BF700D65473 /* ImagesListService.swift in Sources */ = {isa = PBXBuildFile; fileRef = 45357E0C2CAB1BF700D65473 /* ImagesListService.swift */; };
		45357E0F2CAB1C8D00D65473 /* Photo.swift in Sources */ = {isa = PBXBuildFile; fileRef = 45357E0E2CAB1C8D00D65473 /* Photo.swift */; };
		45357E112CAC144400D65473 /* PhotoResult.swift in Sources */ = {isa = PBXBuildFile; fileRef = 45357E102CAC144400D65473 /* PhotoResult.swift */; };
		453F92EF2C95800700F13D1E /* ProfileService.swift in Sources */ = {isa = PBXBuildFile; fileRef = 453F92EE2C95800700F13D1E /* ProfileService.swift */; };
		453F92F32C95805300F13D1E /* Profile.swift in Sources */ = {isa = PBXBuildFile; fileRef = 453F92F22C95805300F13D1E /* Profile.swift */; };
		4541EDD32CA1583D00EF68E8 /* ProfileImageService.swift in Sources */ = {isa = PBXBuildFile; fileRef = 4541EDD22CA1583D00EF68E8 /* ProfileImageService.swift */; };
		4541EDD52CA1585A00EF68E8 /* UserResult.swift in Sources */ = {isa = PBXBuildFile; fileRef = 4541EDD42CA1585A00EF68E8 /* UserResult.swift */; };
		454ECBF92C772AC9008D6689 /* Constants.swift in Sources */ = {isa = PBXBuildFile; fileRef = 454ECBF82C772AC9008D6689 /* Constants.swift */; };
		454ECBFB2C78942F008D6689 /* AuthViewController.swift in Sources */ = {isa = PBXBuildFile; fileRef = 454ECBFA2C78942F008D6689 /* AuthViewController.swift */; };
		454ECBFF2C789F60008D6689 /* WebViewViewController.swift in Sources */ = {isa = PBXBuildFile; fileRef = 454ECBFE2C789F60008D6689 /* WebViewViewController.swift */; };
		454ECC002C78C84F008D6689 /* Main.storyboard in Resources */ = {isa = PBXBuildFile; fileRef = 45C957B22C5B7B250037954F /* Main.storyboard */; };
		454ECC022C7F8D33008D6689 /* OAuth2Service.swift in Sources */ = {isa = PBXBuildFile; fileRef = 454ECC012C7F8D33008D6689 /* OAuth2Service.swift */; };
		454ECC042C7F926A008D6689 /* URLSession+data.swift in Sources */ = {isa = PBXBuildFile; fileRef = 454ECC032C7F926A008D6689 /* URLSession+data.swift */; };
		454ECC062C7F94AB008D6689 /* OAuthTokenResponseBody.swift in Sources */ = {isa = PBXBuildFile; fileRef = 454ECC052C7F94AB008D6689 /* OAuthTokenResponseBody.swift */; };
		454ECC082C7F962C008D6689 /* OAuth2TokenStorage.swift in Sources */ = {isa = PBXBuildFile; fileRef = 454ECC072C7F962C008D6689 /* OAuth2TokenStorage.swift */; };
		454ECC0A2C80683E008D6689 /* SplashViewController.swift in Sources */ = {isa = PBXBuildFile; fileRef = 454ECC092C80683E008D6689 /* SplashViewController.swift */; };
		45760E362C8AF47500F55717 /* ProgressHUD in Frameworks */ = {isa = PBXBuildFile; productRef = 45760E352C8AF47500F55717 /* ProgressHUD */; };
		45BE5AA12CB51E6C00AF13C6 /* ProfileLogoutService.swift in Sources */ = {isa = PBXBuildFile; fileRef = 45BE5AA02CB51E6C00AF13C6 /* ProfileLogoutService.swift */; };
		45BE5AA32CB910F600AF13C6 /* Array+Extension.swift in Sources */ = {isa = PBXBuildFile; fileRef = 45BE5AA22CB910F600AF13C6 /* Array+Extension.swift */; };
		45BE5AA52CB913D900AF13C6 /* ProgressHUDConfigurator.swift in Sources */ = {isa = PBXBuildFile; fileRef = 45BE5AA42CB913D900AF13C6 /* ProgressHUDConfigurator.swift */; };
		45C957AD2C5B7B250037954F /* AppDelegate.swift in Sources */ = {isa = PBXBuildFile; fileRef = 45C957AC2C5B7B250037954F /* AppDelegate.swift */; };
		45C957AF2C5B7B250037954F /* SceneDelegate.swift in Sources */ = {isa = PBXBuildFile; fileRef = 45C957AE2C5B7B250037954F /* SceneDelegate.swift */; };
		45C957B12C5B7B250037954F /* ImagesListViewController.swift in Sources */ = {isa = PBXBuildFile; fileRef = 45C957B02C5B7B250037954F /* ImagesListViewController.swift */; };
		45C957B62C5B7B270037954F /* Assets.xcassets in Resources */ = {isa = PBXBuildFile; fileRef = 45C957B52C5B7B270037954F /* Assets.xcassets */; };
		45C957B92C5B7B270037954F /* Base in Resources */ = {isa = PBXBuildFile; fileRef = 45C957B82C5B7B270037954F /* Base */; };
		45DEA8F72C60C6BC00663B97 /* ImagesListCell.swift in Sources */ = {isa = PBXBuildFile; fileRef = 45DEA8F62C60C6BC00663B97 /* ImagesListCell.swift */; };
		45F4A6372C689D14005923B3 /* ProfileViewController.swift in Sources */ = {isa = PBXBuildFile; fileRef = 45F4A6362C689D14005923B3 /* ProfileViewController.swift */; };
		45F4A63A2C68D5BC005923B3 /* SingleImageViewController.swift in Sources */ = {isa = PBXBuildFile; fileRef = 45F4A6392C68D5BC005923B3 /* SingleImageViewController.swift */; };
		45F8800D2CA353B900321738 /* Kingfisher in Frameworks */ = {isa = PBXBuildFile; productRef = 45F8800C2CA353B900321738 /* Kingfisher */; };
		45F880102CA4412200321738 /* SwiftKeychainWrapper in Frameworks */ = {isa = PBXBuildFile; productRef = 45F8800F2CA4412200321738 /* SwiftKeychainWrapper */; };
		45F880122CA5229C00321738 /* TabBarController.swift in Sources */ = {isa = PBXBuildFile; fileRef = 45F880112CA5229C00321738 /* TabBarController.swift */; };
/* End PBXBuildFile section */

/* Begin PBXFileReference section */
		4510431F2C91857100174ABD /* UIBlockingProgressHUD.swift */ = {isa = PBXFileReference; lastKnownFileType = sourcecode.swift; path = UIBlockingProgressHUD.swift; sourceTree = "<group>"; };
		45357E0C2CAB1BF700D65473 /* ImagesListService.swift */ = {isa = PBXFileReference; lastKnownFileType = sourcecode.swift; path = ImagesListService.swift; sourceTree = "<group>"; };
		45357E0E2CAB1C8D00D65473 /* Photo.swift */ = {isa = PBXFileReference; lastKnownFileType = sourcecode.swift; path = Photo.swift; sourceTree = "<group>"; };
		45357E102CAC144400D65473 /* PhotoResult.swift */ = {isa = PBXFileReference; lastKnownFileType = sourcecode.swift; path = PhotoResult.swift; sourceTree = "<group>"; };
		453F92EE2C95800700F13D1E /* ProfileService.swift */ = {isa = PBXFileReference; lastKnownFileType = sourcecode.swift; path = ProfileService.swift; sourceTree = "<group>"; };
		453F92F22C95805300F13D1E /* Profile.swift */ = {isa = PBXFileReference; lastKnownFileType = sourcecode.swift; path = Profile.swift; sourceTree = "<group>"; };
		4541EDD22CA1583D00EF68E8 /* ProfileImageService.swift */ = {isa = PBXFileReference; lastKnownFileType = sourcecode.swift; path = ProfileImageService.swift; sourceTree = "<group>"; };
		4541EDD42CA1585A00EF68E8 /* UserResult.swift */ = {isa = PBXFileReference; lastKnownFileType = sourcecode.swift; path = UserResult.swift; sourceTree = "<group>"; };
		454ECBF82C772AC9008D6689 /* Constants.swift */ = {isa = PBXFileReference; lastKnownFileType = sourcecode.swift; path = Constants.swift; sourceTree = "<group>"; };
		454ECBFA2C78942F008D6689 /* AuthViewController.swift */ = {isa = PBXFileReference; lastKnownFileType = sourcecode.swift; path = AuthViewController.swift; sourceTree = "<group>"; };
		454ECBFE2C789F60008D6689 /* WebViewViewController.swift */ = {isa = PBXFileReference; lastKnownFileType = sourcecode.swift; path = WebViewViewController.swift; sourceTree = "<group>"; };
		454ECC012C7F8D33008D6689 /* OAuth2Service.swift */ = {isa = PBXFileReference; lastKnownFileType = sourcecode.swift; path = OAuth2Service.swift; sourceTree = "<group>"; };
		454ECC032C7F926A008D6689 /* URLSession+data.swift */ = {isa = PBXFileReference; lastKnownFileType = sourcecode.swift; path = "URLSession+data.swift"; sourceTree = "<group>"; };
		454ECC052C7F94AB008D6689 /* OAuthTokenResponseBody.swift */ = {isa = PBXFileReference; lastKnownFileType = sourcecode.swift; path = OAuthTokenResponseBody.swift; sourceTree = "<group>"; };
		454ECC072C7F962C008D6689 /* OAuth2TokenStorage.swift */ = {isa = PBXFileReference; lastKnownFileType = sourcecode.swift; path = OAuth2TokenStorage.swift; sourceTree = "<group>"; };
		454ECC092C80683E008D6689 /* SplashViewController.swift */ = {isa = PBXFileReference; lastKnownFileType = sourcecode.swift; path = SplashViewController.swift; sourceTree = "<group>"; };
		45BE5AA02CB51E6C00AF13C6 /* ProfileLogoutService.swift */ = {isa = PBXFileReference; lastKnownFileType = sourcecode.swift; path = ProfileLogoutService.swift; sourceTree = "<group>"; };
		45BE5AA22CB910F600AF13C6 /* Array+Extension.swift */ = {isa = PBXFileReference; lastKnownFileType = sourcecode.swift; path = "Array+Extension.swift"; sourceTree = "<group>"; };
		45BE5AA42CB913D900AF13C6 /* ProgressHUDConfigurator.swift */ = {isa = PBXFileReference; lastKnownFileType = sourcecode.swift; path = ProgressHUDConfigurator.swift; sourceTree = "<group>"; };
		45C957A92C5B7B250037954F /* ImageFeed.app */ = {isa = PBXFileReference; explicitFileType = wrapper.application; includeInIndex = 0; path = ImageFeed.app; sourceTree = BUILT_PRODUCTS_DIR; };
		45C957AC2C5B7B250037954F /* AppDelegate.swift */ = {isa = PBXFileReference; lastKnownFileType = sourcecode.swift; path = AppDelegate.swift; sourceTree = "<group>"; };
		45C957AE2C5B7B250037954F /* SceneDelegate.swift */ = {isa = PBXFileReference; lastKnownFileType = sourcecode.swift; path = SceneDelegate.swift; sourceTree = "<group>"; };
		45C957B02C5B7B250037954F /* ImagesListViewController.swift */ = {isa = PBXFileReference; lastKnownFileType = sourcecode.swift; path = ImagesListViewController.swift; sourceTree = "<group>"; };
		45C957B32C5B7B250037954F /* Base */ = {isa = PBXFileReference; lastKnownFileType = file.storyboard; name = Base; path = Base.lproj/Main.storyboard; sourceTree = "<group>"; };
		45C957B52C5B7B270037954F /* Assets.xcassets */ = {isa = PBXFileReference; lastKnownFileType = folder.assetcatalog; path = Assets.xcassets; sourceTree = "<group>"; };
		45C957B82C5B7B270037954F /* Base */ = {isa = PBXFileReference; lastKnownFileType = file.storyboard; name = Base; path = Base.lproj/LaunchScreen.storyboard; sourceTree = "<group>"; };
		45C957BA2C5B7B270037954F /* Info.plist */ = {isa = PBXFileReference; lastKnownFileType = text.plist.xml; path = Info.plist; sourceTree = "<group>"; };
		45DEA8F62C60C6BC00663B97 /* ImagesListCell.swift */ = {isa = PBXFileReference; lastKnownFileType = sourcecode.swift; path = ImagesListCell.swift; sourceTree = "<group>"; };
		45F4A6362C689D14005923B3 /* ProfileViewController.swift */ = {isa = PBXFileReference; lastKnownFileType = sourcecode.swift; path = ProfileViewController.swift; sourceTree = "<group>"; };
		45F4A6392C68D5BC005923B3 /* SingleImageViewController.swift */ = {isa = PBXFileReference; lastKnownFileType = sourcecode.swift; path = SingleImageViewController.swift; sourceTree = "<group>"; };
		45F880112CA5229C00321738 /* TabBarController.swift */ = {isa = PBXFileReference; lastKnownFileType = sourcecode.swift; path = TabBarController.swift; sourceTree = "<group>"; };
/* End PBXFileReference section */

/* Begin PBXFrameworksBuildPhase section */
		45C957A62C5B7B250037954F /* Frameworks */ = {
			isa = PBXFrameworksBuildPhase;
			buildActionMask = 2147483647;
			files = (
				45F8800D2CA353B900321738 /* Kingfisher in Frameworks */,
				45760E362C8AF47500F55717 /* ProgressHUD in Frameworks */,
				45F880102CA4412200321738 /* SwiftKeychainWrapper in Frameworks */,
			);
			runOnlyForDeploymentPostprocessing = 0;
		};
/* End PBXFrameworksBuildPhase section */

/* Begin PBXGroup section */
		454ECBFC2C789D89008D6689 /* Auth */ = {
			isa = PBXGroup;
			children = (
				454ECBFA2C78942F008D6689 /* AuthViewController.swift */,
				454ECBFE2C789F60008D6689 /* WebViewViewController.swift */,
			);
			path = Auth;
			sourceTree = "<group>";
		};
		454ECBFD2C789E14008D6689 /* SingleImageView */ = {
			isa = PBXGroup;
			children = (
				45F4A6392C68D5BC005923B3 /* SingleImageViewController.swift */,
			);
			path = SingleImageView;
			sourceTree = "<group>";
		};
		45C957A02C5B7B250037954F = {
			isa = PBXGroup;
			children = (
				45C957AB2C5B7B250037954F /* ImageFeed */,
				45C957AA2C5B7B250037954F /* Products */,
			);
			sourceTree = "<group>";
		};
		45C957AA2C5B7B250037954F /* Products */ = {
			isa = PBXGroup;
			children = (
				45C957A92C5B7B250037954F /* ImageFeed.app */,
			);
			name = Products;
			sourceTree = "<group>";
		};
		45C957AB2C5B7B250037954F /* ImageFeed */ = {
			isa = PBXGroup;
			children = (
				45C957AC2C5B7B250037954F /* AppDelegate.swift */,
				45C957AE2C5B7B250037954F /* SceneDelegate.swift */,
				45F880112CA5229C00321738 /* TabBarController.swift */,
				454ECBF82C772AC9008D6689 /* Constants.swift */,
				454ECC092C80683E008D6689 /* SplashViewController.swift */,
				4510431F2C91857100174ABD /* UIBlockingProgressHUD.swift */,
				454ECC032C7F926A008D6689 /* URLSession+data.swift */,
				45BE5AA22CB910F600AF13C6 /* Array+Extension.swift */,
				45BE5AA42CB913D900AF13C6 /* ProgressHUDConfigurator.swift */,
				45DE72D42C8245EA0029D162 /* OAuth */,
				454ECBFC2C789D89008D6689 /* Auth */,
				454ECBFD2C789E14008D6689 /* SingleImageView */,
				45F4A6382C68AF6F005923B3 /* Profile */,
				45DEA8F82C60C6E500663B97 /* ImageList */,
				45C957B22C5B7B250037954F /* Main.storyboard */,
				45C957B52C5B7B270037954F /* Assets.xcassets */,
				45C957B72C5B7B270037954F /* LaunchScreen.storyboard */,
				45C957BA2C5B7B270037954F /* Info.plist */,
			);
			path = ImageFeed;
			sourceTree = "<group>";
		};
		45DE72D42C8245EA0029D162 /* OAuth */ = {
			isa = PBXGroup;
			children = (
				454ECC052C7F94AB008D6689 /* OAuthTokenResponseBody.swift */,
				454ECC012C7F8D33008D6689 /* OAuth2Service.swift */,
				454ECC072C7F962C008D6689 /* OAuth2TokenStorage.swift */,
			);
			path = OAuth;
			sourceTree = "<group>";
		};
		45DEA8F82C60C6E500663B97 /* ImageList */ = {
			isa = PBXGroup;
			children = (
				45DEA8F62C60C6BC00663B97 /* ImagesListCell.swift */,
				45C957B02C5B7B250037954F /* ImagesListViewController.swift */,
				45357E0C2CAB1BF700D65473 /* ImagesListService.swift */,
				45357E0E2CAB1C8D00D65473 /* Photo.swift */,
				45357E102CAC144400D65473 /* PhotoResult.swift */,
			);
			path = ImageList;
			sourceTree = "<group>";
		};
		45F4A6382C68AF6F005923B3 /* Profile */ = {
			isa = PBXGroup;
			children = (
				45F4A6362C689D14005923B3 /* ProfileViewController.swift */,
				453F92EE2C95800700F13D1E /* ProfileService.swift */,
				453F92F22C95805300F13D1E /* Profile.swift */,
				4541EDD22CA1583D00EF68E8 /* ProfileImageService.swift */,
				4541EDD42CA1585A00EF68E8 /* UserResult.swift */,
				45BE5AA02CB51E6C00AF13C6 /* ProfileLogoutService.swift */,
			);
			path = Profile;
			sourceTree = "<group>";
		};
/* End PBXGroup section */

/* Begin PBXNativeTarget section */
		45C957A82C5B7B250037954F /* ImageFeed */ = {
			isa = PBXNativeTarget;
			buildConfigurationList = 45C957BD2C5B7B270037954F /* Build configuration list for PBXNativeTarget "ImageFeed" */;
			buildPhases = (
				45C957A52C5B7B250037954F /* Sources */,
				45C957A62C5B7B250037954F /* Frameworks */,
				45C957A72C5B7B250037954F /* Resources */,
			);
			buildRules = (
			);
			dependencies = (
			);
			name = ImageFeed;
			packageProductDependencies = (
				45760E352C8AF47500F55717 /* ProgressHUD */,
				45F8800C2CA353B900321738 /* Kingfisher */,
				45F8800F2CA4412200321738 /* SwiftKeychainWrapper */,
			);
			productName = ImageFeed;
			productReference = 45C957A92C5B7B250037954F /* ImageFeed.app */;
			productType = "com.apple.product-type.application";
		};
/* End PBXNativeTarget section */

/* Begin PBXProject section */
		45C957A12C5B7B250037954F /* Project object */ = {
			isa = PBXProject;
			attributes = {
				BuildIndependentTargetsInParallel = 1;
				LastSwiftUpdateCheck = 1540;
				LastUpgradeCheck = 1540;
				TargetAttributes = {
					45C957A82C5B7B250037954F = {
						CreatedOnToolsVersion = 15.4;
					};
				};
			};
			buildConfigurationList = 45C957A42C5B7B250037954F /* Build configuration list for PBXProject "ImageFeed" */;
			compatibilityVersion = "Xcode 14.0";
			developmentRegion = en;
			hasScannedForEncodings = 0;
			knownRegions = (
				en,
				Base,
			);
			mainGroup = 45C957A02C5B7B250037954F;
			packageReferences = (
				45760E342C8AF47500F55717 /* XCRemoteSwiftPackageReference "ProgressHUD" */,
				45F8800B2CA353B900321738 /* XCRemoteSwiftPackageReference "Kingfisher" */,
				45F8800E2CA4412200321738 /* XCRemoteSwiftPackageReference "SwiftKeychainWrapper" */,
			);
			productRefGroup = 45C957AA2C5B7B250037954F /* Products */;
			projectDirPath = "";
			projectRoot = "";
			targets = (
				45C957A82C5B7B250037954F /* ImageFeed */,
			);
		};
/* End PBXProject section */

/* Begin PBXResourcesBuildPhase section */
		45C957A72C5B7B250037954F /* Resources */ = {
			isa = PBXResourcesBuildPhase;
			buildActionMask = 2147483647;
			files = (
				45C957B62C5B7B270037954F /* Assets.xcassets in Resources */,
				45C957B92C5B7B270037954F /* Base in Resources */,
				454ECC002C78C84F008D6689 /* Main.storyboard in Resources */,
			);
			runOnlyForDeploymentPostprocessing = 0;
		};
/* End PBXResourcesBuildPhase section */

/* Begin PBXSourcesBuildPhase section */
		45C957A52C5B7B250037954F /* Sources */ = {
			isa = PBXSourcesBuildPhase;
			buildActionMask = 2147483647;
			files = (
				45C957B12C5B7B250037954F /* ImagesListViewController.swift in Sources */,
				453F92EF2C95800700F13D1E /* ProfileService.swift in Sources */,
				45357E0D2CAB1BF700D65473 /* ImagesListService.swift in Sources */,
				45DEA8F72C60C6BC00663B97 /* ImagesListCell.swift in Sources */,
				45BE5AA52CB913D900AF13C6 /* ProgressHUDConfigurator.swift in Sources */,
				454ECC062C7F94AB008D6689 /* OAuthTokenResponseBody.swift in Sources */,
				45F4A6372C689D14005923B3 /* ProfileViewController.swift in Sources */,
				45BE5AA32CB910F600AF13C6 /* Array+Extension.swift in Sources */,
				45357E112CAC144400D65473 /* PhotoResult.swift in Sources */,
				45C957AD2C5B7B250037954F /* AppDelegate.swift in Sources */,
				454ECC0A2C80683E008D6689 /* SplashViewController.swift in Sources */,
				453F92F32C95805300F13D1E /* Profile.swift in Sources */,
				454ECBFB2C78942F008D6689 /* AuthViewController.swift in Sources */,
				454ECBF92C772AC9008D6689 /* Constants.swift in Sources */,
				4541EDD32CA1583D00EF68E8 /* ProfileImageService.swift in Sources */,
				451043202C91857100174ABD /* UIBlockingProgressHUD.swift in Sources */,
				4541EDD52CA1585A00EF68E8 /* UserResult.swift in Sources */,
				45F4A63A2C68D5BC005923B3 /* SingleImageViewController.swift in Sources */,
				454ECC042C7F926A008D6689 /* URLSession+data.swift in Sources */,
				45BE5AA12CB51E6C00AF13C6 /* ProfileLogoutService.swift in Sources */,
				454ECBFF2C789F60008D6689 /* WebViewViewController.swift in Sources */,
				454ECC022C7F8D33008D6689 /* OAuth2Service.swift in Sources */,
				45357E0F2CAB1C8D00D65473 /* Photo.swift in Sources */,
				45F880122CA5229C00321738 /* TabBarController.swift in Sources */,
				454ECC082C7F962C008D6689 /* OAuth2TokenStorage.swift in Sources */,
				45C957AF2C5B7B250037954F /* SceneDelegate.swift in Sources */,
			);
			runOnlyForDeploymentPostprocessing = 0;
		};
/* End PBXSourcesBuildPhase section */

/* Begin PBXVariantGroup section */
		45C957B22C5B7B250037954F /* Main.storyboard */ = {
			isa = PBXVariantGroup;
			children = (
				45C957B32C5B7B250037954F /* Base */,
			);
			name = Main.storyboard;
			sourceTree = "<group>";
		};
		45C957B72C5B7B270037954F /* LaunchScreen.storyboard */ = {
			isa = PBXVariantGroup;
			children = (
				45C957B82C5B7B270037954F /* Base */,
			);
			name = LaunchScreen.storyboard;
			sourceTree = "<group>";
		};
/* End PBXVariantGroup section */

/* Begin XCBuildConfiguration section */
		45C957BB2C5B7B270037954F /* Debug */ = {
			isa = XCBuildConfiguration;
			buildSettings = {
				ALWAYS_SEARCH_USER_PATHS = NO;
				ASSETCATALOG_COMPILER_GENERATE_SWIFT_ASSET_SYMBOL_EXTENSIONS = YES;
				CLANG_ANALYZER_NONNULL = YES;
				CLANG_ANALYZER_NUMBER_OBJECT_CONVERSION = YES_AGGRESSIVE;
				CLANG_CXX_LANGUAGE_STANDARD = "gnu++20";
				CLANG_ENABLE_MODULES = YES;
				CLANG_ENABLE_OBJC_ARC = YES;
				CLANG_ENABLE_OBJC_WEAK = YES;
				CLANG_WARN_BLOCK_CAPTURE_AUTORELEASING = YES;
				CLANG_WARN_BOOL_CONVERSION = YES;
				CLANG_WARN_COMMA = YES;
				CLANG_WARN_CONSTANT_CONVERSION = YES;
				CLANG_WARN_DEPRECATED_OBJC_IMPLEMENTATIONS = YES;
				CLANG_WARN_DIRECT_OBJC_ISA_USAGE = YES_ERROR;
				CLANG_WARN_DOCUMENTATION_COMMENTS = YES;
				CLANG_WARN_EMPTY_BODY = YES;
				CLANG_WARN_ENUM_CONVERSION = YES;
				CLANG_WARN_INFINITE_RECURSION = YES;
				CLANG_WARN_INT_CONVERSION = YES;
				CLANG_WARN_NON_LITERAL_NULL_CONVERSION = YES;
				CLANG_WARN_OBJC_IMPLICIT_RETAIN_SELF = YES;
				CLANG_WARN_OBJC_LITERAL_CONVERSION = YES;
				CLANG_WARN_OBJC_ROOT_CLASS = YES_ERROR;
				CLANG_WARN_QUOTED_INCLUDE_IN_FRAMEWORK_HEADER = YES;
				CLANG_WARN_RANGE_LOOP_ANALYSIS = YES;
				CLANG_WARN_STRICT_PROTOTYPES = YES;
				CLANG_WARN_SUSPICIOUS_MOVE = YES;
				CLANG_WARN_UNGUARDED_AVAILABILITY = YES_AGGRESSIVE;
				CLANG_WARN_UNREACHABLE_CODE = YES;
				CLANG_WARN__DUPLICATE_METHOD_MATCH = YES;
				COPY_PHASE_STRIP = NO;
				DEBUG_INFORMATION_FORMAT = dwarf;
				ENABLE_STRICT_OBJC_MSGSEND = YES;
				ENABLE_TESTABILITY = YES;
				ENABLE_USER_SCRIPT_SANDBOXING = YES;
				GCC_C_LANGUAGE_STANDARD = gnu17;
				GCC_DYNAMIC_NO_PIC = NO;
				GCC_NO_COMMON_BLOCKS = YES;
				GCC_OPTIMIZATION_LEVEL = 0;
				GCC_PREPROCESSOR_DEFINITIONS = (
					"DEBUG=1",
					"$(inherited)",
				);
				GCC_WARN_64_TO_32_BIT_CONVERSION = YES;
				GCC_WARN_ABOUT_RETURN_TYPE = YES_ERROR;
				GCC_WARN_UNDECLARED_SELECTOR = YES;
				GCC_WARN_UNINITIALIZED_AUTOS = YES_AGGRESSIVE;
				GCC_WARN_UNUSED_FUNCTION = YES;
				GCC_WARN_UNUSED_VARIABLE = YES;
				IPHONEOS_DEPLOYMENT_TARGET = 13.0;
				LOCALIZATION_PREFERS_STRING_CATALOGS = YES;
				MTL_ENABLE_DEBUG_INFO = INCLUDE_SOURCE;
				MTL_FAST_MATH = YES;
				ONLY_ACTIVE_ARCH = YES;
				SDKROOT = iphoneos;
				SWIFT_ACTIVE_COMPILATION_CONDITIONS = "DEBUG $(inherited)";
				SWIFT_OPTIMIZATION_LEVEL = "-Onone";
			};
			name = Debug;
		};
		45C957BC2C5B7B270037954F /* Release */ = {
			isa = XCBuildConfiguration;
			buildSettings = {
				ALWAYS_SEARCH_USER_PATHS = NO;
				ASSETCATALOG_COMPILER_GENERATE_SWIFT_ASSET_SYMBOL_EXTENSIONS = YES;
				CLANG_ANALYZER_NONNULL = YES;
				CLANG_ANALYZER_NUMBER_OBJECT_CONVERSION = YES_AGGRESSIVE;
				CLANG_CXX_LANGUAGE_STANDARD = "gnu++20";
				CLANG_ENABLE_MODULES = YES;
				CLANG_ENABLE_OBJC_ARC = YES;
				CLANG_ENABLE_OBJC_WEAK = YES;
				CLANG_WARN_BLOCK_CAPTURE_AUTORELEASING = YES;
				CLANG_WARN_BOOL_CONVERSION = YES;
				CLANG_WARN_COMMA = YES;
				CLANG_WARN_CONSTANT_CONVERSION = YES;
				CLANG_WARN_DEPRECATED_OBJC_IMPLEMENTATIONS = YES;
				CLANG_WARN_DIRECT_OBJC_ISA_USAGE = YES_ERROR;
				CLANG_WARN_DOCUMENTATION_COMMENTS = YES;
				CLANG_WARN_EMPTY_BODY = YES;
				CLANG_WARN_ENUM_CONVERSION = YES;
				CLANG_WARN_INFINITE_RECURSION = YES;
				CLANG_WARN_INT_CONVERSION = YES;
				CLANG_WARN_NON_LITERAL_NULL_CONVERSION = YES;
				CLANG_WARN_OBJC_IMPLICIT_RETAIN_SELF = YES;
				CLANG_WARN_OBJC_LITERAL_CONVERSION = YES;
				CLANG_WARN_OBJC_ROOT_CLASS = YES_ERROR;
				CLANG_WARN_QUOTED_INCLUDE_IN_FRAMEWORK_HEADER = YES;
				CLANG_WARN_RANGE_LOOP_ANALYSIS = YES;
				CLANG_WARN_STRICT_PROTOTYPES = YES;
				CLANG_WARN_SUSPICIOUS_MOVE = YES;
				CLANG_WARN_UNGUARDED_AVAILABILITY = YES_AGGRESSIVE;
				CLANG_WARN_UNREACHABLE_CODE = YES;
				CLANG_WARN__DUPLICATE_METHOD_MATCH = YES;
				COPY_PHASE_STRIP = NO;
				DEBUG_INFORMATION_FORMAT = "dwarf-with-dsym";
				ENABLE_NS_ASSERTIONS = NO;
				ENABLE_STRICT_OBJC_MSGSEND = YES;
				ENABLE_USER_SCRIPT_SANDBOXING = YES;
				GCC_C_LANGUAGE_STANDARD = gnu17;
				GCC_NO_COMMON_BLOCKS = YES;
				GCC_WARN_64_TO_32_BIT_CONVERSION = YES;
				GCC_WARN_ABOUT_RETURN_TYPE = YES_ERROR;
				GCC_WARN_UNDECLARED_SELECTOR = YES;
				GCC_WARN_UNINITIALIZED_AUTOS = YES_AGGRESSIVE;
				GCC_WARN_UNUSED_FUNCTION = YES;
				GCC_WARN_UNUSED_VARIABLE = YES;
				IPHONEOS_DEPLOYMENT_TARGET = 13.0;
				LOCALIZATION_PREFERS_STRING_CATALOGS = YES;
				MTL_ENABLE_DEBUG_INFO = NO;
				MTL_FAST_MATH = YES;
				SDKROOT = iphoneos;
				SWIFT_COMPILATION_MODE = wholemodule;
				VALIDATE_PRODUCT = YES;
			};
			name = Release;
		};
		45C957BE2C5B7B270037954F /* Debug */ = {
			isa = XCBuildConfiguration;
			buildSettings = {
				ASSETCATALOG_COMPILER_APPICON_NAME = AppIcon;
				ASSETCATALOG_COMPILER_GLOBAL_ACCENT_COLOR_NAME = AccentColor;
				CODE_SIGN_STYLE = Automatic;
				CURRENT_PROJECT_VERSION = 1;
				DEVELOPMENT_TEAM = 4L6P58WL3Q;
				GENERATE_INFOPLIST_FILE = YES;
				INFOPLIST_FILE = ImageFeed/Info.plist;
				INFOPLIST_KEY_UIApplicationSupportsIndirectInputEvents = YES;
				INFOPLIST_KEY_UILaunchStoryboardName = LaunchScreen;
				INFOPLIST_KEY_UIMainStoryboardFile = Main;
				INFOPLIST_KEY_UISupportedInterfaceOrientations_iPad = "UIInterfaceOrientationPortrait UIInterfaceOrientationPortraitUpsideDown UIInterfaceOrientationLandscapeLeft UIInterfaceOrientationLandscapeRight";
				INFOPLIST_KEY_UISupportedInterfaceOrientations_iPhone = UIInterfaceOrientationPortrait;
				IPHONEOS_DEPLOYMENT_TARGET = 13.0;
				LD_RUNPATH_SEARCH_PATHS = (
					"$(inherited)",
					"@executable_path/Frameworks",
				);
				MARKETING_VERSION = 1.0;
				PRODUCT_BUNDLE_IDENTIFIER = com.nurbol.ImageFeed;
				PRODUCT_NAME = "$(TARGET_NAME)";
				SUPPORTED_PLATFORMS = "iphoneos iphonesimulator";
				SUPPORTS_MACCATALYST = NO;
				SWIFT_EMIT_LOC_STRINGS = YES;
				SWIFT_VERSION = 5.0;
				TARGETED_DEVICE_FAMILY = 1;
			};
			name = Debug;
		};
		45C957BF2C5B7B270037954F /* Release */ = {
			isa = XCBuildConfiguration;
			buildSettings = {
				ASSETCATALOG_COMPILER_APPICON_NAME = AppIcon;
				ASSETCATALOG_COMPILER_GLOBAL_ACCENT_COLOR_NAME = AccentColor;
				CODE_SIGN_STYLE = Automatic;
				CURRENT_PROJECT_VERSION = 1;
				DEVELOPMENT_TEAM = 4L6P58WL3Q;
				GENERATE_INFOPLIST_FILE = YES;
				INFOPLIST_FILE = ImageFeed/Info.plist;
				INFOPLIST_KEY_UIApplicationSupportsIndirectInputEvents = YES;
				INFOPLIST_KEY_UILaunchStoryboardName = LaunchScreen;
				INFOPLIST_KEY_UIMainStoryboardFile = Main;
				INFOPLIST_KEY_UISupportedInterfaceOrientations_iPad = "UIInterfaceOrientationPortrait UIInterfaceOrientationPortraitUpsideDown UIInterfaceOrientationLandscapeLeft UIInterfaceOrientationLandscapeRight";
				INFOPLIST_KEY_UISupportedInterfaceOrientations_iPhone = UIInterfaceOrientationPortrait;
				IPHONEOS_DEPLOYMENT_TARGET = 13.0;
				LD_RUNPATH_SEARCH_PATHS = (
					"$(inherited)",
					"@executable_path/Frameworks",
				);
				MARKETING_VERSION = 1.0;
				PRODUCT_BUNDLE_IDENTIFIER = com.nurbol.ImageFeed;
				PRODUCT_NAME = "$(TARGET_NAME)";
				SUPPORTED_PLATFORMS = "iphoneos iphonesimulator";
				SUPPORTS_MACCATALYST = NO;
				SWIFT_EMIT_LOC_STRINGS = YES;
				SWIFT_VERSION = 5.0;
				TARGETED_DEVICE_FAMILY = 1;
			};
			name = Release;
		};
/* End XCBuildConfiguration section */

/* Begin XCConfigurationList section */
		45C957A42C5B7B250037954F /* Build configuration list for PBXProject "ImageFeed" */ = {
			isa = XCConfigurationList;
			buildConfigurations = (
				45C957BB2C5B7B270037954F /* Debug */,
				45C957BC2C5B7B270037954F /* Release */,
			);
			defaultConfigurationIsVisible = 0;
			defaultConfigurationName = Release;
		};
		45C957BD2C5B7B270037954F /* Build configuration list for PBXNativeTarget "ImageFeed" */ = {
			isa = XCConfigurationList;
			buildConfigurations = (
				45C957BE2C5B7B270037954F /* Debug */,
				45C957BF2C5B7B270037954F /* Release */,
			);
			defaultConfigurationIsVisible = 0;
			defaultConfigurationName = Release;
		};
/* End XCConfigurationList section */

/* Begin XCRemoteSwiftPackageReference section */
		45760E342C8AF47500F55717 /* XCRemoteSwiftPackageReference "ProgressHUD" */ = {
			isa = XCRemoteSwiftPackageReference;
			repositoryURL = "https://github.com/relatedcode/ProgressHUD";
			requirement = {
				kind = upToNextMajorVersion;
				minimumVersion = 14.1.3;
			};
		};
		45F8800B2CA353B900321738 /* XCRemoteSwiftPackageReference "Kingfisher" */ = {
			isa = XCRemoteSwiftPackageReference;
			repositoryURL = "https://github.com/onevcat/Kingfisher.git";
			requirement = {
				kind = upToNextMajorVersion;
				minimumVersion = 8.0.3;
			};
		};
		45F8800E2CA4412200321738 /* XCRemoteSwiftPackageReference "SwiftKeychainWrapper" */ = {
			isa = XCRemoteSwiftPackageReference;
			repositoryURL = "https://github.com/jrendel/SwiftKeychainWrapper.git";
			requirement = {
				kind = upToNextMajorVersion;
				minimumVersion = 4.0.1;
			};
		};
/* End XCRemoteSwiftPackageReference section */

/* Begin XCSwiftPackageProductDependency section */
		45760E352C8AF47500F55717 /* ProgressHUD */ = {
			isa = XCSwiftPackageProductDependency;
			package = 45760E342C8AF47500F55717 /* XCRemoteSwiftPackageReference "ProgressHUD" */;
			productName = ProgressHUD;
		};
		45F8800C2CA353B900321738 /* Kingfisher */ = {
			isa = XCSwiftPackageProductDependency;
			package = 45F8800B2CA353B900321738 /* XCRemoteSwiftPackageReference "Kingfisher" */;
			productName = Kingfisher;
		};
		45F8800F2CA4412200321738 /* SwiftKeychainWrapper */ = {
			isa = XCSwiftPackageProductDependency;
			package = 45F8800E2CA4412200321738 /* XCRemoteSwiftPackageReference "SwiftKeychainWrapper" */;
			productName = SwiftKeychainWrapper;
		};
/* End XCSwiftPackageProductDependency section */
	};
	rootObject = 45C957A12C5B7B250037954F /* Project object */;
}
